// !$*UTF8*$!
{
	archiveVersion = 1;
	classes = {
	};
	objectVersion = 50;
	objects = {

/* Begin PBXBuildFile section */
		70897DF921F0A95700578256 /* AboutViewController.swift in Sources */ = {isa = PBXBuildFile; fileRef = 70897DF821F0A95700578256 /* AboutViewController.swift */; };
		70AF65A221EF31C8008B17A5 /* AppInfo.swift in Sources */ = {isa = PBXBuildFile; fileRef = 70AF65A121EF31C8008B17A5 /* AppInfo.swift */; };
		70FBF8F921EC61C300C4D98B /* AppDelegate.swift in Sources */ = {isa = PBXBuildFile; fileRef = 70FBF8F821EC61C300C4D98B /* AppDelegate.swift */; };
		70FBF8FB21EC61C300C4D98B /* ViewController.swift in Sources */ = {isa = PBXBuildFile; fileRef = 70FBF8FA21EC61C300C4D98B /* ViewController.swift */; };
		70FBF8FE21EC61C300C4D98B /* Main.storyboard in Resources */ = {isa = PBXBuildFile; fileRef = 70FBF8FC21EC61C300C4D98B /* Main.storyboard */; };
		70FBF90021EC61C500C4D98B /* Assets.xcassets in Resources */ = {isa = PBXBuildFile; fileRef = 70FBF8FF21EC61C500C4D98B /* Assets.xcassets */; };
		70FBF90321EC61C500C4D98B /* LaunchScreen.storyboard in Resources */ = {isa = PBXBuildFile; fileRef = 70FBF90121EC61C500C4D98B /* LaunchScreen.storyboard */; };
		70FBF90E21EC70CC00C4D98B /* HomeScreenViewController.swift in Sources */ = {isa = PBXBuildFile; fileRef = 70FBF90D21EC70CC00C4D98B /* HomeScreenViewController.swift */; };
		70FBF91221EC714300C4D98B /* ColorScheme.swift in Sources */ = {isa = PBXBuildFile; fileRef = 70FBF91121EC714300C4D98B /* ColorScheme.swift */; };
		70FBF91421EC714D00C4D98B /* FontScheme.swift in Sources */ = {isa = PBXBuildFile; fileRef = 70FBF91321EC714D00C4D98B /* FontScheme.swift */; };
		70FBF91621ECA98600C4D98B /* SpotifyiOS.framework in Frameworks */ = {isa = PBXBuildFile; fileRef = 70FBF91521ECA98600C4D98B /* SpotifyiOS.framework */; };
		70FBF91821ECAD9E00C4D98B /* ButtonScheme.swift in Sources */ = {isa = PBXBuildFile; fileRef = 70FBF91721ECAD9E00C4D98B /* ButtonScheme.swift */; };
		70FBF91A21ECAE7F00C4D98B /* SpotifyLoginViewController.swift in Sources */ = {isa = PBXBuildFile; fileRef = 70FBF91921ECAE7F00C4D98B /* SpotifyLoginViewController.swift */; };
		BD43296415255C761F06CAA8 /* Pods_Storia.framework in Frameworks */ = {isa = PBXBuildFile; fileRef = 190573C73C2C3DE8FAC69AC7 /* Pods_Storia.framework */; };
/* End PBXBuildFile section */

/* Begin PBXFileReference section */
		190573C73C2C3DE8FAC69AC7 /* Pods_Storia.framework */ = {isa = PBXFileReference; explicitFileType = wrapper.framework; includeInIndex = 0; path = Pods_Storia.framework; sourceTree = BUILT_PRODUCTS_DIR; };
		70897DF821F0A95700578256 /* AboutViewController.swift */ = {isa = PBXFileReference; lastKnownFileType = sourcecode.swift; path = AboutViewController.swift; sourceTree = "<group>"; };
		70AF65A121EF31C8008B17A5 /* AppInfo.swift */ = {isa = PBXFileReference; lastKnownFileType = sourcecode.swift; path = AppInfo.swift; sourceTree = "<group>"; };
		70FBF8F521EC61C300C4D98B /* Storia.app */ = {isa = PBXFileReference; explicitFileType = wrapper.application; includeInIndex = 0; path = Storia.app; sourceTree = BUILT_PRODUCTS_DIR; };
		70FBF8F821EC61C300C4D98B /* AppDelegate.swift */ = {isa = PBXFileReference; lastKnownFileType = sourcecode.swift; path = AppDelegate.swift; sourceTree = "<group>"; };
		70FBF8FA21EC61C300C4D98B /* ViewController.swift */ = {isa = PBXFileReference; lastKnownFileType = sourcecode.swift; path = ViewController.swift; sourceTree = "<group>"; };
		70FBF8FD21EC61C300C4D98B /* Base */ = {isa = PBXFileReference; lastKnownFileType = file.storyboard; name = Base; path = Base.lproj/Main.storyboard; sourceTree = "<group>"; };
		70FBF8FF21EC61C500C4D98B /* Assets.xcassets */ = {isa = PBXFileReference; lastKnownFileType = folder.assetcatalog; path = Assets.xcassets; sourceTree = "<group>"; };
		70FBF90221EC61C500C4D98B /* Base */ = {isa = PBXFileReference; lastKnownFileType = file.storyboard; name = Base; path = Base.lproj/LaunchScreen.storyboard; sourceTree = "<group>"; };
		70FBF90421EC61C500C4D98B /* Info.plist */ = {isa = PBXFileReference; lastKnownFileType = text.plist.xml; path = Info.plist; sourceTree = "<group>"; };
		70FBF90D21EC70CC00C4D98B /* HomeScreenViewController.swift */ = {isa = PBXFileReference; lastKnownFileType = sourcecode.swift; path = HomeScreenViewController.swift; sourceTree = "<group>"; };
		70FBF91121EC714300C4D98B /* ColorScheme.swift */ = {isa = PBXFileReference; lastKnownFileType = sourcecode.swift; path = ColorScheme.swift; sourceTree = "<group>"; };
		70FBF91321EC714D00C4D98B /* FontScheme.swift */ = {isa = PBXFileReference; lastKnownFileType = sourcecode.swift; path = FontScheme.swift; sourceTree = "<group>"; };
		70FBF91521ECA98600C4D98B /* SpotifyiOS.framework */ = {isa = PBXFileReference; lastKnownFileType = wrapper.framework; path = SpotifyiOS.framework; sourceTree = "<group>"; };
		70FBF91721ECAD9E00C4D98B /* ButtonScheme.swift */ = {isa = PBXFileReference; lastKnownFileType = sourcecode.swift; path = ButtonScheme.swift; sourceTree = "<group>"; };
		70FBF91921ECAE7F00C4D98B /* SpotifyLoginViewController.swift */ = {isa = PBXFileReference; lastKnownFileType = sourcecode.swift; path = SpotifyLoginViewController.swift; sourceTree = "<group>"; };
		841BDB6306B4EC9BB6153D7D /* Pods-Storia.debug.xcconfig */ = {isa = PBXFileReference; includeInIndex = 1; lastKnownFileType = text.xcconfig; name = "Pods-Storia.debug.xcconfig"; path = "Pods/Target Support Files/Pods-Storia/Pods-Storia.debug.xcconfig"; sourceTree = "<group>"; };
		DD116CF27D7F881A0CD5C9EB /* Pods-Storia.release.xcconfig */ = {isa = PBXFileReference; includeInIndex = 1; lastKnownFileType = text.xcconfig; name = "Pods-Storia.release.xcconfig"; path = "Pods/Target Support Files/Pods-Storia/Pods-Storia.release.xcconfig"; sourceTree = "<group>"; };
/* End PBXFileReference section */

/* Begin PBXFrameworksBuildPhase section */
		70FBF8F221EC61C300C4D98B /* Frameworks */ = {
			isa = PBXFrameworksBuildPhase;
			buildActionMask = 2147483647;
			files = (
				70FBF91621ECA98600C4D98B /* SpotifyiOS.framework in Frameworks */,
				BD43296415255C761F06CAA8 /* Pods_Storia.framework in Frameworks */,
			);
			runOnlyForDeploymentPostprocessing = 0;
		};
/* End PBXFrameworksBuildPhase section */

/* Begin PBXGroup section */
		6FFD92A2514B17D24E037B75 /* Pods */ = {
			isa = PBXGroup;
			children = (
				841BDB6306B4EC9BB6153D7D /* Pods-Storia.debug.xcconfig */,
				DD116CF27D7F881A0CD5C9EB /* Pods-Storia.release.xcconfig */,
			);
			name = Pods;
			sourceTree = "<group>";
		};
		70FBF8EC21EC61C300C4D98B = {
			isa = PBXGroup;
			children = (
				70FBF8F721EC61C300C4D98B /* Storia */,
				70FBF8F621EC61C300C4D98B /* Products */,
				6FFD92A2514B17D24E037B75 /* Pods */,
				ED9C5A523A3DF38D891FEBF9 /* Frameworks */,
			);
			sourceTree = "<group>";
		};
		70FBF8F621EC61C300C4D98B /* Products */ = {
			isa = PBXGroup;
			children = (
				70FBF8F521EC61C300C4D98B /* Storia.app */,
			);
			name = Products;
			sourceTree = "<group>";
		};
		70FBF8F721EC61C300C4D98B /* Storia */ = {
			isa = PBXGroup;
			children = (
				70FBF90A21EC62D700C4D98B /* Model */,
				70FBF90B21EC62ED00C4D98B /* View */,
				70FBF90C21EC62FC00C4D98B /* Controller */,
				70FBF8F821EC61C300C4D98B /* AppDelegate.swift */,
				70FBF8FC21EC61C300C4D98B /* Main.storyboard */,
				70FBF8FF21EC61C500C4D98B /* Assets.xcassets */,
				70FBF90121EC61C500C4D98B /* LaunchScreen.storyboard */,
				70FBF90421EC61C500C4D98B /* Info.plist */,
				70FBF91521ECA98600C4D98B /* SpotifyiOS.framework */,
				70AF65A121EF31C8008B17A5 /* AppInfo.swift */,
			);
			path = Storia;
			sourceTree = "<group>";
		};
		70FBF90A21EC62D700C4D98B /* Model */ = {
			isa = PBXGroup;
			children = (
				70FBF91121EC714300C4D98B /* ColorScheme.swift */,
				70FBF91321EC714D00C4D98B /* FontScheme.swift */,
				70FBF91721ECAD9E00C4D98B /* ButtonScheme.swift */,
			);
			path = Model;
			sourceTree = "<group>";
		};
		70FBF90B21EC62ED00C4D98B /* View */ = {
			isa = PBXGroup;
			children = (
			);
			path = View;
			sourceTree = "<group>";
		};
		70FBF90C21EC62FC00C4D98B /* Controller */ = {
			isa = PBXGroup;
			children = (
				70FBF8FA21EC61C300C4D98B /* ViewController.swift */,
				70FBF90D21EC70CC00C4D98B /* HomeScreenViewController.swift */,
				70FBF91921ECAE7F00C4D98B /* SpotifyLoginViewController.swift */,
				70897DF821F0A95700578256 /* AboutViewController.swift */,
			);
			path = Controller;
			sourceTree = "<group>";
		};
		ED9C5A523A3DF38D891FEBF9 /* Frameworks */ = {
			isa = PBXGroup;
			children = (
				190573C73C2C3DE8FAC69AC7 /* Pods_Storia.framework */,
			);
			name = Frameworks;
			sourceTree = "<group>";
		};
/* End PBXGroup section */

/* Begin PBXNativeTarget section */
		70FBF8F421EC61C300C4D98B /* Storia */ = {
			isa = PBXNativeTarget;
			buildConfigurationList = 70FBF90721EC61C500C4D98B /* Build configuration list for PBXNativeTarget "Storia" */;
			buildPhases = (
				5F5004FFDA0C8CD05DDBB584 /* [CP] Check Pods Manifest.lock */,
				70FBF8F121EC61C300C4D98B /* Sources */,
				70FBF8F221EC61C300C4D98B /* Frameworks */,
				70FBF8F321EC61C300C4D98B /* Resources */,
				91D71757F843068F54C46B47 /* [CP] Embed Pods Frameworks */,
			);
			buildRules = (
			);
			dependencies = (
			);
			name = Storia;
			productName = Storia;
			productReference = 70FBF8F521EC61C300C4D98B /* Storia.app */;
			productType = "com.apple.product-type.application";
		};
/* End PBXNativeTarget section */

/* Begin PBXProject section */
		70FBF8ED21EC61C300C4D98B /* Project object */ = {
			isa = PBXProject;
			attributes = {
				LastSwiftUpdateCheck = 1010;
				LastUpgradeCheck = 1010;
				ORGANIZATIONNAME = "Lily Bhattacharjee";
				TargetAttributes = {
					70FBF8F421EC61C300C4D98B = {
						CreatedOnToolsVersion = 10.1;
					};
				};
			};
			buildConfigurationList = 70FBF8F021EC61C300C4D98B /* Build configuration list for PBXProject "Storia" */;
			compatibilityVersion = "Xcode 9.3";
			developmentRegion = en;
			hasScannedForEncodings = 0;
			knownRegions = (
				en,
				Base,
			);
			mainGroup = 70FBF8EC21EC61C300C4D98B;
			productRefGroup = 70FBF8F621EC61C300C4D98B /* Products */;
			projectDirPath = "";
			projectRoot = "";
			targets = (
				70FBF8F421EC61C300C4D98B /* Storia */,
			);
		};
/* End PBXProject section */

/* Begin PBXResourcesBuildPhase section */
		70FBF8F321EC61C300C4D98B /* Resources */ = {
			isa = PBXResourcesBuildPhase;
			buildActionMask = 2147483647;
			files = (
				70FBF90321EC61C500C4D98B /* LaunchScreen.storyboard in Resources */,
				70FBF90021EC61C500C4D98B /* Assets.xcassets in Resources */,
				70FBF8FE21EC61C300C4D98B /* Main.storyboard in Resources */,
			);
			runOnlyForDeploymentPostprocessing = 0;
		};
/* End PBXResourcesBuildPhase section */

/* Begin PBXShellScriptBuildPhase section */
		5F5004FFDA0C8CD05DDBB584 /* [CP] Check Pods Manifest.lock */ = {
			isa = PBXShellScriptBuildPhase;
			buildActionMask = 2147483647;
			files = (
			);
			inputFileListPaths = (
			);
			inputPaths = (
				"${PODS_PODFILE_DIR_PATH}/Podfile.lock",
				"${PODS_ROOT}/Manifest.lock",
			);
			name = "[CP] Check Pods Manifest.lock";
			outputFileListPaths = (
			);
			outputPaths = (
				"$(DERIVED_FILE_DIR)/Pods-Storia-checkManifestLockResult.txt",
			);
			runOnlyForDeploymentPostprocessing = 0;
			shellPath = /bin/sh;
			shellScript = "diff \"${PODS_PODFILE_DIR_PATH}/Podfile.lock\" \"${PODS_ROOT}/Manifest.lock\" > /dev/null\nif [ $? != 0 ] ; then\n    # print error to STDERR\n    echo \"error: The sandbox is not in sync with the Podfile.lock. Run 'pod install' or update your CocoaPods installation.\" >&2\n    exit 1\nfi\n# This output is used by Xcode 'outputs' to avoid re-running this script phase.\necho \"SUCCESS\" > \"${SCRIPT_OUTPUT_FILE_0}\"\n";
			showEnvVarsInLog = 0;
		};
		91D71757F843068F54C46B47 /* [CP] Embed Pods Frameworks */ = {
			isa = PBXShellScriptBuildPhase;
			buildActionMask = 2147483647;
			files = (
			);
			inputFileListPaths = (
			);
			inputPaths = (
				"${SRCROOT}/Pods/Target Support Files/Pods-Storia/Pods-Storia-frameworks.sh",
				"${BUILT_PRODUCTS_DIR}/Alamofire/Alamofire.framework",
				"${BUILT_PRODUCTS_DIR}/SpotifyKit/SpotifyKit.framework",
				"${BUILT_PRODUCTS_DIR}/SwiftyJSON/SwiftyJSON.framework",
			);
			name = "[CP] Embed Pods Frameworks";
			outputFileListPaths = (
			);
			outputPaths = (
				"${TARGET_BUILD_DIR}/${FRAMEWORKS_FOLDER_PATH}/Alamofire.framework",
				"${TARGET_BUILD_DIR}/${FRAMEWORKS_FOLDER_PATH}/SpotifyKit.framework",
				"${TARGET_BUILD_DIR}/${FRAMEWORKS_FOLDER_PATH}/SwiftyJSON.framework",
			);
			runOnlyForDeploymentPostprocessing = 0;
			shellPath = /bin/sh;
			shellScript = "\"${SRCROOT}/Pods/Target Support Files/Pods-Storia/Pods-Storia-frameworks.sh\"\n";
			showEnvVarsInLog = 0;
		};
/* End PBXShellScriptBuildPhase section */

/* Begin PBXSourcesBuildPhase section */
		70FBF8F121EC61C300C4D98B /* Sources */ = {
			isa = PBXSourcesBuildPhase;
			buildActionMask = 2147483647;
			files = (
				70FBF91821ECAD9E00C4D98B /* ButtonScheme.swift in Sources */,
				70FBF91221EC714300C4D98B /* ColorScheme.swift in Sources */,
				70FBF91421EC714D00C4D98B /* FontScheme.swift in Sources */,
				70897DF921F0A95700578256 /* AboutViewController.swift in Sources */,
				70FBF8FB21EC61C300C4D98B /* ViewController.swift in Sources */,
				70FBF8F921EC61C300C4D98B /* AppDelegate.swift in Sources */,
				70AF65A221EF31C8008B17A5 /* AppInfo.swift in Sources */,
				70FBF91A21ECAE7F00C4D98B /* SpotifyLoginViewController.swift in Sources */,
				70FBF90E21EC70CC00C4D98B /* HomeScreenViewController.swift in Sources */,
			);
			runOnlyForDeploymentPostprocessing = 0;
		};
/* End PBXSourcesBuildPhase section */

/* Begin PBXVariantGroup section */
		70FBF8FC21EC61C300C4D98B /* Main.storyboard */ = {
			isa = PBXVariantGroup;
			children = (
				70FBF8FD21EC61C300C4D98B /* Base */,
			);
			name = Main.storyboard;
			sourceTree = "<group>";
		};
		70FBF90121EC61C500C4D98B /* LaunchScreen.storyboard */ = {
			isa = PBXVariantGroup;
			children = (
				70FBF90221EC61C500C4D98B /* Base */,
			);
			name = LaunchScreen.storyboard;
			sourceTree = "<group>";
		};
/* End PBXVariantGroup section */

/* Begin XCBuildConfiguration section */
		70FBF90521EC61C500C4D98B /* Debug */ = {
			isa = XCBuildConfiguration;
			buildSettings = {
				ALWAYS_SEARCH_USER_PATHS = NO;
				CLANG_ANALYZER_NONNULL = YES;
				CLANG_ANALYZER_NUMBER_OBJECT_CONVERSION = YES_AGGRESSIVE;
				CLANG_CXX_LANGUAGE_STANDARD = "gnu++14";
				CLANG_CXX_LIBRARY = "libc++";
				CLANG_ENABLE_MODULES = YES;
				CLANG_ENABLE_OBJC_ARC = YES;
				CLANG_ENABLE_OBJC_WEAK = YES;
				CLANG_WARN_BLOCK_CAPTURE_AUTORELEASING = YES;
				CLANG_WARN_BOOL_CONVERSION = YES;
				CLANG_WARN_COMMA = YES;
				CLANG_WARN_CONSTANT_CONVERSION = YES;
				CLANG_WARN_DEPRECATED_OBJC_IMPLEMENTATIONS = YES;
				CLANG_WARN_DIRECT_OBJC_ISA_USAGE = YES_ERROR;
				CLANG_WARN_DOCUMENTATION_COMMENTS = YES;
				CLANG_WARN_EMPTY_BODY = YES;
				CLANG_WARN_ENUM_CONVERSION = YES;
				CLANG_WARN_INFINITE_RECURSION = YES;
				CLANG_WARN_INT_CONVERSION = YES;
				CLANG_WARN_NON_LITERAL_NULL_CONVERSION = YES;
				CLANG_WARN_OBJC_IMPLICIT_RETAIN_SELF = YES;
				CLANG_WARN_OBJC_LITERAL_CONVERSION = YES;
				CLANG_WARN_OBJC_ROOT_CLASS = YES_ERROR;
				CLANG_WARN_RANGE_LOOP_ANALYSIS = YES;
				CLANG_WARN_STRICT_PROTOTYPES = YES;
				CLANG_WARN_SUSPICIOUS_MOVE = YES;
				CLANG_WARN_UNGUARDED_AVAILABILITY = YES_AGGRESSIVE;
				CLANG_WARN_UNREACHABLE_CODE = YES;
				CLANG_WARN__DUPLICATE_METHOD_MATCH = YES;
				CODE_SIGN_IDENTITY = "iPhone Developer";
				COPY_PHASE_STRIP = NO;
				DEBUG_INFORMATION_FORMAT = dwarf;
				ENABLE_STRICT_OBJC_MSGSEND = YES;
				ENABLE_TESTABILITY = YES;
				GCC_C_LANGUAGE_STANDARD = gnu11;
				GCC_DYNAMIC_NO_PIC = NO;
				GCC_NO_COMMON_BLOCKS = YES;
				GCC_OPTIMIZATION_LEVEL = 0;
				GCC_PREPROCESSOR_DEFINITIONS = (
					"DEBUG=1",
					"$(inherited)",
				);
				GCC_WARN_64_TO_32_BIT_CONVERSION = YES;
				GCC_WARN_ABOUT_RETURN_TYPE = YES_ERROR;
				GCC_WARN_UNDECLARED_SELECTOR = YES;
				GCC_WARN_UNINITIALIZED_AUTOS = YES_AGGRESSIVE;
				GCC_WARN_UNUSED_FUNCTION = YES;
				GCC_WARN_UNUSED_VARIABLE = YES;
				IPHONEOS_DEPLOYMENT_TARGET = 12.1;
				MTL_ENABLE_DEBUG_INFO = INCLUDE_SOURCE;
				MTL_FAST_MATH = YES;
				ONLY_ACTIVE_ARCH = YES;
				SDKROOT = iphoneos;
				SWIFT_ACTIVE_COMPILATION_CONDITIONS = DEBUG;
				SWIFT_OPTIMIZATION_LEVEL = "-Onone";
			};
			name = Debug;
		};
		70FBF90621EC61C500C4D98B /* Release */ = {
			isa = XCBuildConfiguration;
			buildSettings = {
				ALWAYS_SEARCH_USER_PATHS = NO;
				CLANG_ANALYZER_NONNULL = YES;
				CLANG_ANALYZER_NUMBER_OBJECT_CONVERSION = YES_AGGRESSIVE;
				CLANG_CXX_LANGUAGE_STANDARD = "gnu++14";
				CLANG_CXX_LIBRARY = "libc++";
				CLANG_ENABLE_MODULES = YES;
				CLANG_ENABLE_OBJC_ARC = YES;
				CLANG_ENABLE_OBJC_WEAK = YES;
				CLANG_WARN_BLOCK_CAPTURE_AUTORELEASING = YES;
				CLANG_WARN_BOOL_CONVERSION = YES;
				CLANG_WARN_COMMA = YES;
				CLANG_WARN_CONSTANT_CONVERSION = YES;
				CLANG_WARN_DEPRECATED_OBJC_IMPLEMENTATIONS = YES;
				CLANG_WARN_DIRECT_OBJC_ISA_USAGE = YES_ERROR;
				CLANG_WARN_DOCUMENTATION_COMMENTS = YES;
				CLANG_WARN_EMPTY_BODY = YES;
				CLANG_WARN_ENUM_CONVERSION = YES;
				CLANG_WARN_INFINITE_RECURSION = YES;
				CLANG_WARN_INT_CONVERSION = YES;
				CLANG_WARN_NON_LITERAL_NULL_CONVERSION = YES;
				CLANG_WARN_OBJC_IMPLICIT_RETAIN_SELF = YES;
				CLANG_WARN_OBJC_LITERAL_CONVERSION = YES;
				CLANG_WARN_OBJC_ROOT_CLASS = YES_ERROR;
				CLANG_WARN_RANGE_LOOP_ANALYSIS = YES;
				CLANG_WARN_STRICT_PROTOTYPES = YES;
				CLANG_WARN_SUSPICIOUS_MOVE = YES;
				CLANG_WARN_UNGUARDED_AVAILABILITY = YES_AGGRESSIVE;
				CLANG_WARN_UNREACHABLE_CODE = YES;
				CLANG_WARN__DUPLICATE_METHOD_MATCH = YES;
				CODE_SIGN_IDENTITY = "iPhone Developer";
				COPY_PHASE_STRIP = NO;
				DEBUG_INFORMATION_FORMAT = "dwarf-with-dsym";
				ENABLE_NS_ASSERTIONS = NO;
				ENABLE_STRICT_OBJC_MSGSEND = YES;
				GCC_C_LANGUAGE_STANDARD = gnu11;
				GCC_NO_COMMON_BLOCKS = YES;
				GCC_WARN_64_TO_32_BIT_CONVERSION = YES;
				GCC_WARN_ABOUT_RETURN_TYPE = YES_ERROR;
				GCC_WARN_UNDECLARED_SELECTOR = YES;
				GCC_WARN_UNINITIALIZED_AUTOS = YES_AGGRESSIVE;
				GCC_WARN_UNUSED_FUNCTION = YES;
				GCC_WARN_UNUSED_VARIABLE = YES;
				IPHONEOS_DEPLOYMENT_TARGET = 12.1;
				MTL_ENABLE_DEBUG_INFO = NO;
				MTL_FAST_MATH = YES;
				SDKROOT = iphoneos;
				SWIFT_COMPILATION_MODE = wholemodule;
				SWIFT_OPTIMIZATION_LEVEL = "-O";
				VALIDATE_PRODUCT = YES;
			};
			name = Release;
		};
		70FBF90821EC61C500C4D98B /* Debug */ = {
			isa = XCBuildConfiguration;
			baseConfigurationReference = 841BDB6306B4EC9BB6153D7D /* Pods-Storia.debug.xcconfig */;
			buildSettings = {
				ASSETCATALOG_COMPILER_APPICON_NAME = AppIcon;
				CODE_SIGN_STYLE = Automatic;
				DEVELOPMENT_TEAM = KLZUVT7CN8;
				FRAMEWORK_SEARCH_PATHS = (
					"$(inherited)",
					"$(PROJECT_DIR)/Storia",
				);
				INFOPLIST_FILE = Storia/Info.plist;
				LD_RUNPATH_SEARCH_PATHS = (
					"$(inherited)",
					"@executable_path/Frameworks",
				);
				OTHER_LDFLAGS = "-ObjC";
				PRODUCT_BUNDLE_IDENTIFIER = "side-projects.Storia";
				PRODUCT_NAME = "$(TARGET_NAME)";
				SWIFT_OBJC_BRIDGING_HEADER = "Storia-Bridging-Header.h";
				SWIFT_VERSION = 4.2;
				TARGETED_DEVICE_FAMILY = "1,2";
			};
			name = Debug;
		};
		70FBF90921EC61C500C4D98B /* Release */ = {
			isa = XCBuildConfiguration;
			baseConfigurationReference = DD116CF27D7F881A0CD5C9EB /* Pods-Storia.release.xcconfig */;
			buildSettings = {
				ASSETCATALOG_COMPILER_APPICON_NAME = AppIcon;
				CODE_SIGN_STYLE = Automatic;
				DEVELOPMENT_TEAM = KLZUVT7CN8;
				FRAMEWORK_SEARCH_PATHS = (
					"$(inherited)",
					"$(PROJECT_DIR)/Storia",
				);
				INFOPLIST_FILE = Storia/Info.plist;
				LD_RUNPATH_SEARCH_PATHS = (
					"$(inherited)",
					"@executable_path/Frameworks",
				);
				OTHER_LDFLAGS = "-ObjC";
				PRODUCT_BUNDLE_IDENTIFIER = "side-projects.Storia";
				PRODUCT_NAME = "$(TARGET_NAME)";
				SWIFT_OBJC_BRIDGING_HEADER = "Storia-Bridging-Header.h";
				SWIFT_VERSION = 4.2;
				TARGETED_DEVICE_FAMILY = "1,2";
			};
			name = Release;
		};
/* End XCBuildConfiguration section */

/* Begin XCConfigurationList section */
		70FBF8F021EC61C300C4D98B /* Build configuration list for PBXProject "Storia" */ = {
			isa = XCConfigurationList;
			buildConfigurations = (
				70FBF90521EC61C500C4D98B /* Debug */,
				70FBF90621EC61C500C4D98B /* Release */,
			);
			defaultConfigurationIsVisible = 0;
			defaultConfigurationName = Release;
		};
		70FBF90721EC61C500C4D98B /* Build configuration list for PBXNativeTarget "Storia" */ = {
			isa = XCConfigurationList;
			buildConfigurations = (
				70FBF90821EC61C500C4D98B /* Debug */,
				70FBF90921EC61C500C4D98B /* Release */,
			);
			defaultConfigurationIsVisible = 0;
			defaultConfigurationName = Release;
		};
/* End XCConfigurationList section */
	};
	rootObject = 70FBF8ED21EC61C300C4D98B /* Project object */;
}
